
Microsoft Visual Studio Solution File, Format Version 12.00
# Visual Studio Version 16
VisualStudioVersion = 16.0.33214.272
MinimumVisualStudioVersion = 10.0.40219.1
Project("{9A19103F-16F7-4668-BE54-9A1E7A4F7556}") = "Mission09-lah263", "Mission09-lah263\Mission09-lah263.csproj", "{08DC2072-A7CB-4FD2-A481-6F4002D914DD}"
EndProject
Global
	GlobalSection(SolutionConfigurationPlatforms) = preSolution
		Debug|Any CPU = Debug|Any CPU
		Release|Any CPU = Release|Any CPU
	EndGlobalSection
	GlobalSection(ProjectConfigurationPlatforms) = postSolution
		{08DC2072-A7CB-4FD2-A481-6F4002D914DD}.Debug|Any CPU.ActiveCfg = Debug|Any CPU
		{08DC2072-A7CB-4FD2-A481-6F4002D914DD}.Debug|Any CPU.Build.0 = Debug|Any CPU
		{08DC2072-A7CB-4FD2-A481-6F4002D914DD}.Release|Any CPU.ActiveCfg = Release|Any CPU
		{08DC2072-A7CB-4FD2-A481-6F4002D914DD}.Release|Any CPU.Build.0 = Release|Any CPU
	EndGlobalSection
	GlobalSection(SolutionProperties) = preSolution
		HideSolutionNode = FALSE
	EndGlobalSection
	GlobalSection(ExtensibilityGlobals) = postSolution
		SolutionGuid = {2D0BEBD1-1021-4CFB-8B55-BDFEFE261E41}
	EndGlobalSection
EndGlobal
